
Microsoft Visual Studio Solution File, Format Version 12.00
Project("{FAE04EC0-301F-11D3-BF4B-00C04F79EFBC}") = "ConsoleBooking", "ConsoleBooking\ConsoleBooking.csproj", "{D93C5DAE-ED5D-4BF3-908F-A23061C9A688}"
EndProject
Global
	GlobalSection(SolutionConfigurationPlatforms) = preSolution
		Debug|Any CPU = Debug|Any CPU
		Release|Any CPU = Release|Any CPU
	EndGlobalSection
	GlobalSection(ProjectConfigurationPlatforms) = postSolution
		{D93C5DAE-ED5D-4BF3-908F-A23061C9A688}.Debug|Any CPU.ActiveCfg = Debug|Any CPU
		{D93C5DAE-ED5D-4BF3-908F-A23061C9A688}.Debug|Any CPU.Build.0 = Debug|Any CPU
		{D93C5DAE-ED5D-4BF3-908F-A23061C9A688}.Release|Any CPU.ActiveCfg = Release|Any CPU
		{D93C5DAE-ED5D-4BF3-908F-A23061C9A688}.Release|Any CPU.Build.0 = Release|Any CPU
	EndGlobalSection
EndGlobal
